
Microsoft Visual Studio Solution File, Format Version 9.00
# Visual C++ Express 2005
Project("{8BC9CEB8-8B4A-11D0-8D11-00A0C91BC942}") = "MultiTopLevelWnd", "MultiTopLevelWnd.vcproj", "{37F922AC-12EA-404E-A686-378E79FE112D}"
	ProjectSection(ProjectDependencies) = postProject
		{45863E93-30D8-4551-B06E-35EFB5DEE42E} = {45863E93-30D8-4551-B06E-35EFB5DEE42E}
	EndProjectSection
EndProject
Project("{8BC9CEB8-8B4A-11D0-8D11-00A0C91BC942}") = "Shutters", "..\..\shutters\Shutters.vcproj", "{45863E93-30D8-4551-B06E-35EFB5DEE42E}"
EndProject
Global
	GlobalSection(SolutionConfigurationPlatforms) = preSolution
		Debug|Win32 = Debug|Win32
		Release|Win32 = Release|Win32
	EndGlobalSection
	GlobalSection(ProjectConfigurationPlatforms) = postSolution
		{37F922AC-12EA-404E-A686-378E79FE112D}.Debug|Win32.ActiveCfg = Debug|Win32
		{37F922AC-12EA-404E-A686-378E79FE112D}.Debug|Win32.Build.0 = Debug|Win32
		{37F922AC-12EA-404E-A686-378E79FE112D}.Release|Win32.ActiveCfg = Release|Win32
		{37F922AC-12EA-404E-A686-378E79FE112D}.Release|Win32.Build.0 = Release|Win32
		{45863E93-30D8-4551-B06E-35EFB5DEE42E}.Debug|Win32.ActiveCfg = Debug|Win32
		{45863E93-30D8-4551-B06E-35EFB5DEE42E}.Debug|Win32.Build.0 = Debug|Win32
		{45863E93-30D8-4551-B06E-35EFB5DEE42E}.Release|Win32.ActiveCfg = Release|Win32
		{45863E93-30D8-4551-B06E-35EFB5DEE42E}.Release|Win32.Build.0 = Release|Win32
	EndGlobalSection
	GlobalSection(SolutionProperties) = preSolution
		HideSolutionNode = FALSE
	EndGlobalSection
EndGlobal
